
Microsoft Visual Studio Solution File, Format Version 12.00
# Visual Studio Version 16
VisualStudioVersion = 16.0.30717.126
MinimumVisualStudioVersion = 10.0.40219.1
Project("{9A19103F-16F7-4668-BE54-9A1E7A4F7556}") = "WebApi.Api", "WebApi.Api\WebApi.Api.csproj", "{09FA60FC-5F90-4201-AF41-A4854DAAA3E2}"
EndProject
Project("{9A19103F-16F7-4668-BE54-9A1E7A4F7556}") = "WebApi.Application", "WebApi.Application\WebApi.Application.csproj", "{09AE100D-2EC6-495B-97C5-5B2BCB56F35D}"
EndProject
Project("{9A19103F-16F7-4668-BE54-9A1E7A4F7556}") = "WebApi.Infrastructure", "WebApi.Infrastructure\WebApi.Infrastructure.csproj", "{52716872-12EE-4DDF-B443-71555DA31063}"
EndProject
Project("{9A19103F-16F7-4668-BE54-9A1E7A4F7556}") = "WebApi.Tests", "WebApi.Tests\WebApi.Tests.csproj", "{45DB2859-FDB3-4A71-8CE9-7CC28C2872E5}"
EndProject
Project("{FAE04EC0-301F-11D3-BF4B-00C04F79EFBC}") = "Herald.EntityFramework", "Herald.EntityFramework\Herald.EntityFramework.csproj", "{D3676FE2-B5F5-4A2D-93F9-1A8497408320}"
EndProject
Global
	GlobalSection(SolutionConfigurationPlatforms) = preSolution
		Debug|Any CPU = Debug|Any CPU
		Release|Any CPU = Release|Any CPU
	EndGlobalSection
	GlobalSection(ProjectConfigurationPlatforms) = postSolution
		{09FA60FC-5F90-4201-AF41-A4854DAAA3E2}.Debug|Any CPU.ActiveCfg = Debug|Any CPU
		{09FA60FC-5F90-4201-AF41-A4854DAAA3E2}.Debug|Any CPU.Build.0 = Debug|Any CPU
		{09FA60FC-5F90-4201-AF41-A4854DAAA3E2}.Release|Any CPU.ActiveCfg = Release|Any CPU
		{09FA60FC-5F90-4201-AF41-A4854DAAA3E2}.Release|Any CPU.Build.0 = Release|Any CPU
		{09AE100D-2EC6-495B-97C5-5B2BCB56F35D}.Debug|Any CPU.ActiveCfg = Debug|Any CPU
		{09AE100D-2EC6-495B-97C5-5B2BCB56F35D}.Debug|Any CPU.Build.0 = Debug|Any CPU
		{09AE100D-2EC6-495B-97C5-5B2BCB56F35D}.Release|Any CPU.ActiveCfg = Release|Any CPU
		{09AE100D-2EC6-495B-97C5-5B2BCB56F35D}.Release|Any CPU.Build.0 = Release|Any CPU
		{52716872-12EE-4DDF-B443-71555DA31063}.Debug|Any CPU.ActiveCfg = Debug|Any CPU
		{52716872-12EE-4DDF-B443-71555DA31063}.Debug|Any CPU.Build.0 = Debug|Any CPU
		{52716872-12EE-4DDF-B443-71555DA31063}.Release|Any CPU.ActiveCfg = Release|Any CPU
		{52716872-12EE-4DDF-B443-71555DA31063}.Release|Any CPU.Build.0 = Release|Any CPU
		{45DB2859-FDB3-4A71-8CE9-7CC28C2872E5}.Debug|Any CPU.ActiveCfg = Debug|Any CPU
		{45DB2859-FDB3-4A71-8CE9-7CC28C2872E5}.Debug|Any CPU.Build.0 = Debug|Any CPU
		{45DB2859-FDB3-4A71-8CE9-7CC28C2872E5}.Release|Any CPU.ActiveCfg = Release|Any CPU
		{45DB2859-FDB3-4A71-8CE9-7CC28C2872E5}.Release|Any CPU.Build.0 = Release|Any CPU
		{D3676FE2-B5F5-4A2D-93F9-1A8497408320}.Debug|Any CPU.ActiveCfg = Debug|Any CPU
		{D3676FE2-B5F5-4A2D-93F9-1A8497408320}.Debug|Any CPU.Build.0 = Debug|Any CPU
		{D3676FE2-B5F5-4A2D-93F9-1A8497408320}.Release|Any CPU.ActiveCfg = Release|Any CPU
		{D3676FE2-B5F5-4A2D-93F9-1A8497408320}.Release|Any CPU.Build.0 = Release|Any CPU
	EndGlobalSection
	GlobalSection(SolutionProperties) = preSolution
		HideSolutionNode = FALSE
	EndGlobalSection
	GlobalSection(ExtensibilityGlobals) = postSolution
		SolutionGuid = {9378E345-E21F-4306-BA8B-373FED73ECE9}
	EndGlobalSection
EndGlobal
